
Microsoft Visual Studio Solution File, Format Version 12.00
# Visual Studio Version 16
VisualStudioVersion = 16.0.31729.503
MinimumVisualStudioVersion = 10.0.40219.1
Project("{FAE04EC0-301F-11D3-BF4B-00C04F79EFBC}") = "FarstNurseAdmi", "FarstNurseAdmi\FarstNurseAdmi.csproj", "{8F4E264D-6CA7-4C4F-B83F-2EE4BC470828}"
EndProject
Project("{FAE04EC0-301F-11D3-BF4B-00C04F79EFBC}") = "DataLayer", "DataLayer\DataLayer.csproj", "{DBCFBAD7-CF37-466A-984C-27BAF8D7D3A5}"
EndProject
Global
	GlobalSection(SolutionConfigurationPlatforms) = preSolution
		Debug|Any CPU = Debug|Any CPU
		Release|Any CPU = Release|Any CPU
	EndGlobalSection
	GlobalSection(ProjectConfigurationPlatforms) = postSolution
		{8F4E264D-6CA7-4C4F-B83F-2EE4BC470828}.Debug|Any CPU.ActiveCfg = Debug|Any CPU
		{8F4E264D-6CA7-4C4F-B83F-2EE4BC470828}.Debug|Any CPU.Build.0 = Debug|Any CPU
		{8F4E264D-6CA7-4C4F-B83F-2EE4BC470828}.Release|Any CPU.ActiveCfg = Release|Any CPU
		{8F4E264D-6CA7-4C4F-B83F-2EE4BC470828}.Release|Any CPU.Build.0 = Release|Any CPU
		{DBCFBAD7-CF37-466A-984C-27BAF8D7D3A5}.Debug|Any CPU.ActiveCfg = Debug|Any CPU
		{DBCFBAD7-CF37-466A-984C-27BAF8D7D3A5}.Debug|Any CPU.Build.0 = Debug|Any CPU
		{DBCFBAD7-CF37-466A-984C-27BAF8D7D3A5}.Release|Any CPU.ActiveCfg = Release|Any CPU
		{DBCFBAD7-CF37-466A-984C-27BAF8D7D3A5}.Release|Any CPU.Build.0 = Release|Any CPU
	EndGlobalSection
	GlobalSection(SolutionProperties) = preSolution
		HideSolutionNode = FALSE
	EndGlobalSection
	GlobalSection(ExtensibilityGlobals) = postSolution
		SolutionGuid = {A09BD53F-26E9-4DA5-97DF-78EDF4B3BB27}
	EndGlobalSection
EndGlobal
